{
  "name": "groceryapp",
  "version": "1.0.0",
  "lockfileVersion": 2,
  "requires": true,
  "packages": {
    "": {
      "name": "groceryapp",
      "version": "1.0.0",
      "license": "ISC",
      "dependencies": {
        "image-tools": "^1.4.0",
        "uview-ui": "^1.8.4"
      }
    },
    "node_modules/image-tools": {
      "version": "1.4.0",
      "resolved": "https://registry.npmjs.org/image-tools/-/image-tools-1.4.0.tgz",
      "integrity": "sha512-TKtvJ6iUwM0mfaD4keMnk1ENHFC470QEjBfA3IlvKdEOufzvWbjbaoNcoyYq6HlViF8+d5tOS1ooE6j7CHf1lQ=="
    },
    "node_modules/uview-ui": {
      "version": "1.8.4",
      "resolved": "https://registry.npmjs.org/uview-ui/-/uview-ui-1.8.4.tgz",
      "integrity": "sha512-Zr+D5dFdNy6CdHQLBEXeGq/w0LkjxzBtsgaaDwLl0P58g67H7fBBDvy6AzWK/k0c7dwPYMBiK7I4Tr9p92+0DA=="
    }
  },
  "dependencies": {
    "image-tools": {
      "version": "1.4.0",
      "resolved": "https://registry.npmjs.org/image-tools/-/image-tools-1.4.0.tgz",
      "integrity": "sha512-TKtvJ6iUwM0mfaD4keMnk1ENHFC470QEjBfA3IlvKdEOufzvWbjbaoNcoyYq6HlViF8+d5tOS1ooE6j7CHf1lQ=="
    },
    "uview-ui": {
      "version": "1.8.4",
      "resolved": "https://registry.npmjs.org/uview-ui/-/uview-ui-1.8.4.tgz",
      "integrity": "sha512-Zr+D5dFdNy6CdHQLBEXeGq/w0LkjxzBtsgaaDwLl0P58g67H7fBBDvy6AzWK/k0c7dwPYMBiK7I4Tr9p92+0DA=="
    }
  }
}
